
Microsoft Visual Studio Solution File, Format Version 12.00
# Visual Studio Version 16
VisualStudioVersion = 16.0.30717.126
MinimumVisualStudioVersion = 10.0.40219.1
Project("{FAE04EC0-301F-11D3-BF4B-00C04F79EFBC}") = "Bachelor", "Bachelor\Bachelor.csproj", "{504B129F-2EA9-42C5-A467-82AE3CBAAC1E}"
EndProject
Global
	GlobalSection(SolutionConfigurationPlatforms) = preSolution
		Debug|Any CPU = Debug|Any CPU
		Release|Any CPU = Release|Any CPU
	EndGlobalSection
	GlobalSection(ProjectConfigurationPlatforms) = postSolution
		{504B129F-2EA9-42C5-A467-82AE3CBAAC1E}.Debug|Any CPU.ActiveCfg = Debug|Any CPU
		{504B129F-2EA9-42C5-A467-82AE3CBAAC1E}.Debug|Any CPU.Build.0 = Debug|Any CPU
		{504B129F-2EA9-42C5-A467-82AE3CBAAC1E}.Release|Any CPU.ActiveCfg = Release|Any CPU
		{504B129F-2EA9-42C5-A467-82AE3CBAAC1E}.Release|Any CPU.Build.0 = Release|Any CPU
	EndGlobalSection
	GlobalSection(SolutionProperties) = preSolution
		HideSolutionNode = FALSE
	EndGlobalSection
	GlobalSection(ExtensibilityGlobals) = postSolution
		SolutionGuid = {C599BB3C-8218-4A1D-ACAB-85B56C65B26A}
	EndGlobalSection
EndGlobal
