{
  "requires": true,
  "lockfileVersion": 1,
  "dependencies": {
    "@angular/cdk": {
      "version": "11.1.0",
      "resolved": "https://registry.npmjs.org/@angular/cdk/-/cdk-11.1.0.tgz",
      "integrity": "sha512-yFEHtdp0o/xGnYebrU/PQqWVIlB7SaP3cSviq/LTv/h2EINn3PzU/Zhdhg0k0fk09BrKoS+o8AVIddduIdDpYw==",
      "requires": {
        "parse5": "^5.0.0",
        "tslib": "^2.0.0"
      }
    },
    "@angular/material": {
      "version": "11.1.0",
      "resolved": "https://registry.npmjs.org/@angular/material/-/material-11.1.0.tgz",
      "integrity": "sha512-k7KpU8T32mmi1vaU27SSZ/gwO2YpxEUCTSzAOZNK8YugAXC+A5xPYLcNU8dlzBP4EW7XBkeSSnUacpI199YcyQ==",
      "requires": {
        "tslib": "^2.0.0"
      }
    },
    "parse5": {
      "version": "5.1.1",
      "resolved": "https://registry.npmjs.org/parse5/-/parse5-5.1.1.tgz",
      "integrity": "sha512-ugq4DFI0Ptb+WWjAdOK16+u/nHfiIrcE+sh8kZMaM0WllQKLI9rOUq6c2b7cwPkXdzfQESqvoqK6ug7U/Yyzug==",
      "optional": true
    },
    "tslib": {
      "version": "2.1.0",
      "resolved": "https://registry.npmjs.org/tslib/-/tslib-2.1.0.tgz",
      "integrity": "sha512-hcVC3wYEziELGGmEEXue7D75zbwIIVUMWAVbHItGPx0ziyXxrOMQx4rQEVEV45Ut/1IotuEvwqPopzIOkDMf0A=="
    }
  }
}
